
Microsoft Visual Studio Solution File, Format Version 12.00
# Visual Studio Version 17
VisualStudioVersion = 17.0.31903.59
MinimumVisualStudioVersion = 10.0.40219.1
Project("{FAE04EC0-301F-11D3-BF4B-00C04F79EFBC}") = "ResguardoApp", "ResguardoApp\ResguardoApp.csproj", "{9F2338E4-819D-416D-933F-5863202DF3EA}"
EndProject
Project("{FAE04EC0-301F-11D3-BF4B-00C04F79EFBC}") = "SharedLib", "SharedLib\SharedLib.csproj", "{45C77D52-6BC5-442E-B2A3-DD95BEEE338D}"
EndProject
Global
	GlobalSection(SolutionConfigurationPlatforms) = preSolution
		Debug|Any CPU = Debug|Any CPU
		Release|Any CPU = Release|Any CPU
	EndGlobalSection
	GlobalSection(SolutionProperties) = preSolution
		HideSolutionNode = FALSE
	EndGlobalSection
	GlobalSection(ProjectConfigurationPlatforms) = postSolution
		{9F2338E4-819D-416D-933F-5863202DF3EA}.Debug|Any CPU.ActiveCfg = Debug|Any CPU
		{9F2338E4-819D-416D-933F-5863202DF3EA}.Debug|Any CPU.Build.0 = Debug|Any CPU
		{9F2338E4-819D-416D-933F-5863202DF3EA}.Release|Any CPU.ActiveCfg = Release|Any CPU
		{9F2338E4-819D-416D-933F-5863202DF3EA}.Release|Any CPU.Build.0 = Release|Any CPU
		{45C77D52-6BC5-442E-B2A3-DD95BEEE338D}.Debug|Any CPU.ActiveCfg = Debug|Any CPU
		{45C77D52-6BC5-442E-B2A3-DD95BEEE338D}.Debug|Any CPU.Build.0 = Debug|Any CPU
		{45C77D52-6BC5-442E-B2A3-DD95BEEE338D}.Release|Any CPU.ActiveCfg = Release|Any CPU
		{45C77D52-6BC5-442E-B2A3-DD95BEEE338D}.Release|Any CPU.Build.0 = Release|Any CPU
	EndGlobalSection
EndGlobal
