
Microsoft Visual Studio Solution File, Format Version 12.00
# Visual Studio Version 17
VisualStudioVersion = 17.0.31903.59
MinimumVisualStudioVersion = 10.0.40219.1
Project("{FAE04EC0-301F-11D3-BF4B-00C04F79EFBC}") = "ResguardoAppService", "ResguardoAppService\ResguardoAppService.csproj", "{68354656-6D67-4A3A-B78E-F09C579D6E05}"
EndProject
Project("{FAE04EC0-301F-11D3-BF4B-00C04F79EFBC}") = "SharedLib", "SharedLib\SharedLib.csproj", "{AA7D1492-7B90-4681-9037-08AC0E71D32E}"
EndProject
Global
	GlobalSection(SolutionConfigurationPlatforms) = preSolution
		Debug|Any CPU = Debug|Any CPU
		Release|Any CPU = Release|Any CPU
	EndGlobalSection
	GlobalSection(SolutionProperties) = preSolution
		HideSolutionNode = FALSE
	EndGlobalSection
	GlobalSection(ProjectConfigurationPlatforms) = postSolution
		{68354656-6D67-4A3A-B78E-F09C579D6E05}.Debug|Any CPU.ActiveCfg = Debug|Any CPU
		{68354656-6D67-4A3A-B78E-F09C579D6E05}.Debug|Any CPU.Build.0 = Debug|Any CPU
		{68354656-6D67-4A3A-B78E-F09C579D6E05}.Release|Any CPU.ActiveCfg = Release|Any CPU
		{68354656-6D67-4A3A-B78E-F09C579D6E05}.Release|Any CPU.Build.0 = Release|Any CPU
		{AA7D1492-7B90-4681-9037-08AC0E71D32E}.Debug|Any CPU.ActiveCfg = Debug|Any CPU
		{AA7D1492-7B90-4681-9037-08AC0E71D32E}.Debug|Any CPU.Build.0 = Debug|Any CPU
		{AA7D1492-7B90-4681-9037-08AC0E71D32E}.Release|Any CPU.ActiveCfg = Release|Any CPU
		{AA7D1492-7B90-4681-9037-08AC0E71D32E}.Release|Any CPU.Build.0 = Release|Any CPU
	EndGlobalSection
EndGlobal
