Microsoft Visual Studio Solution File, Format Version 12.00
# Visual Studio Version 17
VisualStudioVersion = 17.5.2.0
MinimumVisualStudioVersion = 10.0.40219.1
Project("{FAE04EC0-301F-11D3-BF4B-00C04F79EFBC}") = "ResguardoApp", "ResguardoApp.csproj", "{283D4E28-7517-E7F9-2B12-01C372CD478D}"
EndProject
Global
	GlobalSection(SolutionConfigurationPlatforms) = preSolution
		Debug|Any CPU = Debug|Any CPU
		Release|Any CPU = Release|Any CPU
	EndGlobalSection
	GlobalSection(ProjectConfigurationPlatforms) = postSolution
		{283D4E28-7517-E7F9-2B12-01C372CD478D}.Debug|Any CPU.ActiveCfg = Debug|Any CPU
		{283D4E28-7517-E7F9-2B12-01C372CD478D}.Debug|Any CPU.Build.0 = Debug|Any CPU
		{283D4E28-7517-E7F9-2B12-01C372CD478D}.Release|Any CPU.ActiveCfg = Release|Any CPU
		{283D4E28-7517-E7F9-2B12-01C372CD478D}.Release|Any CPU.Build.0 = Release|Any CPU
	EndGlobalSection
	GlobalSection(SolutionProperties) = preSolution
		HideSolutionNode = FALSE
	EndGlobalSection
	GlobalSection(ExtensibilityGlobals) = postSolution
		SolutionGuid = {EF018AEE-82A5-4DAF-A9A1-70AC1EE4A70C}
	EndGlobalSection
EndGlobal
